<Solution>
  <Project Path="../net/Bifrost.Contracts/Bifrost.Contracts.csproj" />
  <Project Path="../net/Bifrost.DataPlane/Bifrost.DataPlane.csproj" />
  <Project Path="../net/Bifrost.ControlPlane/Bifrost.ControlPlane.csproj" />
  <Project Path="../net/Bifrost.Tests/Bifrost.Tests.csproj" />
  <Project Path="../net/Bifrost.MessageBus.Abstractions/Bifrost.MessageBus.Abstractions.csproj" />
  <Project Path="../net/Bifrost.MessageBus.ZeroMq/Bifrost.MessageBus.ZeroMq.csproj" />
  <Project Path="../net/Bifrost.Rpc/Bifrost.Rpc.csproj" />
  <Project Path="../net/Bifrost.Rpc.Abstractions/Bifrost.Rpc.Abstractions.csproj" />
  <Project Path="../net/Bifrost.Rpc.Generators/Bifrost.Rpc.Generators.csproj" />
  <Project Path="../net/Bifrost.Rpc.TestPeer/Bifrost.Rpc.TestPeer.csproj" />
</Solution>
