<Solution>
  <Project Path="../net/Bifrost.WorkItems.Contracts/Bifrost.WorkItems.Contracts.csproj" />
  <Project Path="../net/Bifrost.WorkItems/Bifrost.WorkItems.csproj" />
  <Project Path="../net/Bifrost.Orchestrator.Contracts/Bifrost.Orchestrator.Contracts.csproj" />
  <Project Path="../net/Bifrost.Orchestrator/Bifrost.Orchestrator.csproj" />
  <Project Path="../net/Bifrost.WorkerNode/Bifrost.WorkerNode.csproj" />
  <Project Path="../net/Bifrost.Tests/Bifrost.Tests.csproj" />
  <Project Path="../net/Bifrost.MessageBus.Abstractions/Bifrost.MessageBus.Abstractions.csproj" />
  <Project Path="../net/Bifrost.MessageBus.Wolverine/Bifrost.MessageBus.Wolverine.csproj" />
  <Project Path="../net/Bifrost.MessageBus.ZeroMq/Bifrost.MessageBus.ZeroMq.csproj" />
  <Project Path="../net/Bifrost.MessageBus.RabbitMq/Bifrost.MessageBus.RabbitMq.csproj" />
  <Project Path="../net/Bifrost.Rpc/Bifrost.Rpc.csproj" />
  <Project Path="../net/Bifrost.Rpc.Abstractions/Bifrost.Rpc.Abstractions.csproj" />
  <Project Path="../net/Bifrost.Rpc.Generators/Bifrost.Rpc.Generators.csproj" />
  <Project Path="../net/Bifrost.Rpc.TestPeer/Bifrost.Rpc.TestPeer.csproj" />
</Solution>
